
Microsoft Visual Studio Solution File, Format Version 12.00
# Visual Studio Version 17
VisualStudioVersion = 17.5.33516.290
MinimumVisualStudioVersion = 10.0.40219.1
Project("{FAE04EC0-301F-11D3-BF4B-00C04F79EFBC}") = "20120262_Lab04_BMCSDL", "20120262_Lab04_BMCSDL.csproj", "{371AEE3A-CA4D-4E69-95EA-33A14495A1F5}"
EndProject
Global
	GlobalSection(SolutionConfigurationPlatforms) = preSolution
		Debug|Any CPU = Debug|Any CPU
		Release|Any CPU = Release|Any CPU
	EndGlobalSection
	GlobalSection(ProjectConfigurationPlatforms) = postSolution
		{371AEE3A-CA4D-4E69-95EA-33A14495A1F5}.Debug|Any CPU.ActiveCfg = Debug|Any CPU
		{371AEE3A-CA4D-4E69-95EA-33A14495A1F5}.Debug|Any CPU.Build.0 = Debug|Any CPU
		{371AEE3A-CA4D-4E69-95EA-33A14495A1F5}.Release|Any CPU.ActiveCfg = Release|Any CPU
		{371AEE3A-CA4D-4E69-95EA-33A14495A1F5}.Release|Any CPU.Build.0 = Release|Any CPU
	EndGlobalSection
	GlobalSection(SolutionProperties) = preSolution
		HideSolutionNode = FALSE
	EndGlobalSection
	GlobalSection(ExtensibilityGlobals) = postSolution
		SolutionGuid = {D468C6D5-7A46-48A7-8044-46D2CFD97834}
	EndGlobalSection
EndGlobal
